<?xml version="1.0" encoding="UTF-8" standalone="yes" ?>
<CodeBlocks_project_file>
	<FileVersion major="1" minor="6" />
	<Project>
		<Option title="practice_cpp" />
		<Option pch_mode="2" />
		<Option compiler="gcc" />
		<Build>
			<Target title="Debug">
				<Option output="bin/Debug/practice_cpp" prefix_auto="1" extension_auto="1" />
				<Option object_output="obj/Debug/" />
				<Option type="1" />
				<Option compiler="gcc" />
				<Compiler>
					<Add option="-g" />
				</Compiler>
			</Target>
		</Build>
		<Compiler>
			<Add option="-Wall" />
			<Add option="-fexceptions" />
		</Compiler>
		<Unit filename="hr_array_basic.cpp" />
		<Unit filename="hr_cpp_loops.cpp" />
		<Unit filename="hr_pointer_example.cpp" />
		<Unit filename="hr_stringloop.cpp" />
		<Unit filename="hr_stringstreams.cpp" />
		<Unit filename="hr_variablearray.cpp" />
		<Unit filename="main.cpp" />
		<Unit filename="spoj_test.cpp" />
		<Unit filename="test.cpp" />
		<Extensions />
	</Project>
</CodeBlocks_project_file>
